
Microsoft Visual Studio Solution File, Format Version 12.00
# Visual Studio Version 17
VisualStudioVersion = 17.4.33205.214
MinimumVisualStudioVersion = 10.0.40219.1
Project("{8BC9CEB8-8B4A-11D0-8D11-00A0C91BC942}") = "HuffmanEncodingV2", "HuffmanEncodingV2.vcxproj", "{D3705B3F-6BA5-41A2-BBC0-FDF38BBCACA5}"
EndProject
Global
	GlobalSection(SolutionConfigurationPlatforms) = preSolution
		bigLog|x64 = bigLog|x64
		bigLog|x86 = bigLog|x86
		bom|x64 = bom|x64
		bom|x86 = bom|x86
		canon|x64 = canon|x64
		canon|x86 = canon|x86
		dc|x64 = dc|x64
		dc|x86 = dc|x86
		Debug|x64 = Debug|x64
		Debug|x86 = Debug|x86
		guilliver|x64 = guilliver|x64
		guilliver|x86 = guilliver|x86
		jacob5|x64 = jacob5|x64
		jacob5|x86 = jacob5|x86
		kjvbible|x64 = kjvbible|x64
		kjvbible|x86 = kjvbible|x86
		log|x64 = log|x64
		log|x86 = log|x86
		minilog|x64 = minilog|x64
		minilog|x86 = minilog|x86
		palindrome|x64 = palindrome|x64
		palindrome|x86 = palindrome|x86
		Release|x64 = Release|x64
		Release|x86 = Release|x86
		smallLog|x64 = smallLog|x64
		smallLog|x86 = smallLog|x86
	EndGlobalSection
	GlobalSection(ProjectConfigurationPlatforms) = postSolution
		{D3705B3F-6BA5-41A2-BBC0-FDF38BBCACA5}.bigLog|x64.ActiveCfg = bigLog|x64
		{D3705B3F-6BA5-41A2-BBC0-FDF38BBCACA5}.bigLog|x64.Build.0 = bigLog|x64
		{D3705B3F-6BA5-41A2-BBC0-FDF38BBCACA5}.bigLog|x86.ActiveCfg = bigLog|Win32
		{D3705B3F-6BA5-41A2-BBC0-FDF38BBCACA5}.bigLog|x86.Build.0 = bigLog|Win32
		{D3705B3F-6BA5-41A2-BBC0-FDF38BBCACA5}.bom|x64.ActiveCfg = bom|x64
		{D3705B3F-6BA5-41A2-BBC0-FDF38BBCACA5}.bom|x64.Build.0 = bom|x64
		{D3705B3F-6BA5-41A2-BBC0-FDF38BBCACA5}.bom|x86.ActiveCfg = bom|Win32
		{D3705B3F-6BA5-41A2-BBC0-FDF38BBCACA5}.bom|x86.Build.0 = bom|Win32
		{D3705B3F-6BA5-41A2-BBC0-FDF38BBCACA5}.canon|x64.ActiveCfg = canon|x64
		{D3705B3F-6BA5-41A2-BBC0-FDF38BBCACA5}.canon|x64.Build.0 = canon|x64
		{D3705B3F-6BA5-41A2-BBC0-FDF38BBCACA5}.canon|x86.ActiveCfg = canon|Win32
		{D3705B3F-6BA5-41A2-BBC0-FDF38BBCACA5}.canon|x86.Build.0 = canon|Win32
		{D3705B3F-6BA5-41A2-BBC0-FDF38BBCACA5}.dc|x64.ActiveCfg = dc|x64
		{D3705B3F-6BA5-41A2-BBC0-FDF38BBCACA5}.dc|x64.Build.0 = dc|x64
		{D3705B3F-6BA5-41A2-BBC0-FDF38BBCACA5}.dc|x86.ActiveCfg = dc|Win32
		{D3705B3F-6BA5-41A2-BBC0-FDF38BBCACA5}.dc|x86.Build.0 = dc|Win32
		{D3705B3F-6BA5-41A2-BBC0-FDF38BBCACA5}.Debug|x64.ActiveCfg = Debug|x64
		{D3705B3F-6BA5-41A2-BBC0-FDF38BBCACA5}.Debug|x64.Build.0 = Debug|x64
		{D3705B3F-6BA5-41A2-BBC0-FDF38BBCACA5}.Debug|x86.ActiveCfg = Debug|Win32
		{D3705B3F-6BA5-41A2-BBC0-FDF38BBCACA5}.Debug|x86.Build.0 = Debug|Win32
		{D3705B3F-6BA5-41A2-BBC0-FDF38BBCACA5}.guilliver|x64.ActiveCfg = guilliver|x64
		{D3705B3F-6BA5-41A2-BBC0-FDF38BBCACA5}.guilliver|x64.Build.0 = guilliver|x64
		{D3705B3F-6BA5-41A2-BBC0-FDF38BBCACA5}.guilliver|x86.ActiveCfg = guilliver|Win32
		{D3705B3F-6BA5-41A2-BBC0-FDF38BBCACA5}.guilliver|x86.Build.0 = guilliver|Win32
		{D3705B3F-6BA5-41A2-BBC0-FDF38BBCACA5}.jacob5|x64.ActiveCfg = jacob5|x64
		{D3705B3F-6BA5-41A2-BBC0-FDF38BBCACA5}.jacob5|x64.Build.0 = jacob5|x64
		{D3705B3F-6BA5-41A2-BBC0-FDF38BBCACA5}.jacob5|x86.ActiveCfg = jacob5|Win32
		{D3705B3F-6BA5-41A2-BBC0-FDF38BBCACA5}.jacob5|x86.Build.0 = jacob5|Win32
		{D3705B3F-6BA5-41A2-BBC0-FDF38BBCACA5}.kjvbible|x64.ActiveCfg = kjvbible|x64
		{D3705B3F-6BA5-41A2-BBC0-FDF38BBCACA5}.kjvbible|x64.Build.0 = kjvbible|x64
		{D3705B3F-6BA5-41A2-BBC0-FDF38BBCACA5}.kjvbible|x86.ActiveCfg = kjvbible|Win32
		{D3705B3F-6BA5-41A2-BBC0-FDF38BBCACA5}.kjvbible|x86.Build.0 = kjvbible|Win32
		{D3705B3F-6BA5-41A2-BBC0-FDF38BBCACA5}.log|x64.ActiveCfg = log|x64
		{D3705B3F-6BA5-41A2-BBC0-FDF38BBCACA5}.log|x64.Build.0 = log|x64
		{D3705B3F-6BA5-41A2-BBC0-FDF38BBCACA5}.log|x86.ActiveCfg = log|Win32
		{D3705B3F-6BA5-41A2-BBC0-FDF38BBCACA5}.log|x86.Build.0 = log|Win32
		{D3705B3F-6BA5-41A2-BBC0-FDF38BBCACA5}.minilog|x64.ActiveCfg = minilog|x64
		{D3705B3F-6BA5-41A2-BBC0-FDF38BBCACA5}.minilog|x64.Build.0 = minilog|x64
		{D3705B3F-6BA5-41A2-BBC0-FDF38BBCACA5}.minilog|x86.ActiveCfg = minilog|Win32
		{D3705B3F-6BA5-41A2-BBC0-FDF38BBCACA5}.minilog|x86.Build.0 = minilog|Win32
		{D3705B3F-6BA5-41A2-BBC0-FDF38BBCACA5}.palindrome|x64.ActiveCfg = palindrome|x64
		{D3705B3F-6BA5-41A2-BBC0-FDF38BBCACA5}.palindrome|x64.Build.0 = palindrome|x64
		{D3705B3F-6BA5-41A2-BBC0-FDF38BBCACA5}.palindrome|x86.ActiveCfg = palindrome|Win32
		{D3705B3F-6BA5-41A2-BBC0-FDF38BBCACA5}.palindrome|x86.Build.0 = palindrome|Win32
		{D3705B3F-6BA5-41A2-BBC0-FDF38BBCACA5}.Release|x64.ActiveCfg = Release|x64
		{D3705B3F-6BA5-41A2-BBC0-FDF38BBCACA5}.Release|x64.Build.0 = Release|x64
		{D3705B3F-6BA5-41A2-BBC0-FDF38BBCACA5}.Release|x86.ActiveCfg = Release|Win32
		{D3705B3F-6BA5-41A2-BBC0-FDF38BBCACA5}.Release|x86.Build.0 = Release|Win32
		{D3705B3F-6BA5-41A2-BBC0-FDF38BBCACA5}.smallLog|x64.ActiveCfg = smallLog|x64
		{D3705B3F-6BA5-41A2-BBC0-FDF38BBCACA5}.smallLog|x64.Build.0 = smallLog|x64
		{D3705B3F-6BA5-41A2-BBC0-FDF38BBCACA5}.smallLog|x86.ActiveCfg = smallLog|Win32
		{D3705B3F-6BA5-41A2-BBC0-FDF38BBCACA5}.smallLog|x86.Build.0 = smallLog|Win32
	EndGlobalSection
	GlobalSection(SolutionProperties) = preSolution
		HideSolutionNode = FALSE
	EndGlobalSection
	GlobalSection(ExtensibilityGlobals) = postSolution
		SolutionGuid = {DA8D6B96-0F6D-4B74-8D41-F8424C9DB14D}
	EndGlobalSection
EndGlobal
